// !$*UTF8*$!
{
	archiveVersion = 1;
	classes = {
	};
	objectVersion = 46;
	objects = {

/* Begin PBXBuildFile section */
		BD526CDF184CBEF200FD002E /* Foundation.framework in Frameworks */ = {isa = PBXBuildFile; fileRef = BD526CDE184CBEF200FD002E /* Foundation.framework */; };
		BD526CE4184CBEF200FD002E /* iBeacon.h in CopyFiles */ = {isa = PBXBuildFile; fileRef = BD526CE3184CBEF200FD002E /* iBeacon.h */; };
		BD526CE6184CBEF200FD002E /* iBeacon.m in Sources */ = {isa = PBXBuildFile; fileRef = BD526CE5184CBEF200FD002E /* iBeacon.m */; };
		BD526CED184CBEF200FD002E /* XCTest.framework in Frameworks */ = {isa = PBXBuildFile; fileRef = BD526CEC184CBEF200FD002E /* XCTest.framework */; };
		BD526CEE184CBEF200FD002E /* Foundation.framework in Frameworks */ = {isa = PBXBuildFile; fileRef = BD526CDE184CBEF200FD002E /* Foundation.framework */; };
		BD526CF3184CBEF200FD002E /* libiBeacon.a in Frameworks */ = {isa = PBXBuildFile; fileRef = BD526CDB184CBEF200FD002E /* libiBeacon.a */; };
		BD526CF9184CBEF200FD002E /* InfoPlist.strings in Resources */ = {isa = PBXBuildFile; fileRef = BD526CF7184CBEF200FD002E /* InfoPlist.strings */; };
		BD526CFB184CBEF200FD002E /* iBeaconTests.m in Sources */ = {isa = PBXBuildFile; fileRef = BD526CFA184CBEF200FD002E /* iBeaconTests.m */; };
		BD526D05184CBFEC00FD002E /* Adobe AIR.framework in Frameworks */ = {isa = PBXBuildFile; fileRef = BD526D04184CBFEC00FD002E /* Adobe AIR.framework */; };
		BD526D07184CBFF500FD002E /* CoreBluetooth.framework in Frameworks */ = {isa = PBXBuildFile; fileRef = BD526D06184CBFF500FD002E /* CoreBluetooth.framework */; };
		BD526D09184CBFFE00FD002E /* CoreLocation.framework in Frameworks */ = {isa = PBXBuildFile; fileRef = BD526D08184CBFFE00FD002E /* CoreLocation.framework */; };
		BD526D0B184CC02500FD002E /* UIKit.framework in Frameworks */ = {isa = PBXBuildFile; fileRef = BD526D0A184CC02500FD002E /* UIKit.framework */; };
		BD526D0E184CC07D00FD002E /* BeaconController.m in Sources */ = {isa = PBXBuildFile; fileRef = BD526D0D184CC07D00FD002E /* BeaconController.m */; };
		BD86454D184DF3FA006C3026 /* GlobalObject.m in Sources */ = {isa = PBXBuildFile; fileRef = BD86454C184DF3FA006C3026 /* GlobalObject.m */; };
/* End PBXBuildFile section */

/* Begin PBXContainerItemProxy section */
		BD526CF1184CBEF200FD002E /* PBXContainerItemProxy */ = {
			isa = PBXContainerItemProxy;
			containerPortal = BD526CD3184CBEF200FD002E /* Project object */;
			proxyType = 1;
			remoteGlobalIDString = BD526CDA184CBEF200FD002E;
			remoteInfo = iBeacon;
		};
/* End PBXContainerItemProxy section */

/* Begin PBXCopyFilesBuildPhase section */
		BD526CD9184CBEF200FD002E /* CopyFiles */ = {
			isa = PBXCopyFilesBuildPhase;
			buildActionMask = 2147483647;
			dstPath = "include/$(PRODUCT_NAME)";
			dstSubfolderSpec = 16;
			files = (
				BD526CE4184CBEF200FD002E /* iBeacon.h in CopyFiles */,
			);
			runOnlyForDeploymentPostprocessing = 0;
		};
/* End PBXCopyFilesBuildPhase section */

/* Begin PBXFileReference section */
		BD526CDB184CBEF200FD002E /* libiBeacon.a */ = {isa = PBXFileReference; explicitFileType = archive.ar; includeInIndex = 0; path = libiBeacon.a; sourceTree = BUILT_PRODUCTS_DIR; };
		BD526CDE184CBEF200FD002E /* Foundation.framework */ = {isa = PBXFileReference; lastKnownFileType = wrapper.framework; name = Foundation.framework; path = System/Library/Frameworks/Foundation.framework; sourceTree = SDKROOT; };
		BD526CE2184CBEF200FD002E /* iBeacon-Prefix.pch */ = {isa = PBXFileReference; lastKnownFileType = sourcecode.c.h; path = "iBeacon-Prefix.pch"; sourceTree = "<group>"; };
		BD526CE3184CBEF200FD002E /* iBeacon.h */ = {isa = PBXFileReference; lastKnownFileType = sourcecode.c.h; path = iBeacon.h; sourceTree = "<group>"; };
		BD526CE5184CBEF200FD002E /* iBeacon.m */ = {isa = PBXFileReference; lastKnownFileType = sourcecode.c.objc; path = iBeacon.m; sourceTree = "<group>"; };
		BD526CEB184CBEF200FD002E /* iBeaconTests.xctest */ = {isa = PBXFileReference; explicitFileType = wrapper.cfbundle; includeInIndex = 0; path = iBeaconTests.xctest; sourceTree = BUILT_PRODUCTS_DIR; };
		BD526CEC184CBEF200FD002E /* XCTest.framework */ = {isa = PBXFileReference; lastKnownFileType = wrapper.framework; name = XCTest.framework; path = Library/Frameworks/XCTest.framework; sourceTree = DEVELOPER_DIR; };
		BD526CF6184CBEF200FD002E /* iBeaconTests-Info.plist */ = {isa = PBXFileReference; lastKnownFileType = text.plist.xml; path = "iBeaconTests-Info.plist"; sourceTree = "<group>"; };
		BD526CF8184CBEF200FD002E /* en */ = {isa = PBXFileReference; lastKnownFileType = text.plist.strings; name = en; path = en.lproj/InfoPlist.strings; sourceTree = "<group>"; };
		BD526CFA184CBEF200FD002E /* iBeaconTests.m */ = {isa = PBXFileReference; lastKnownFileType = sourcecode.c.objc; path = iBeaconTests.m; sourceTree = "<group>"; };
		BD526D04184CBFEC00FD002E /* Adobe AIR.framework */ = {isa = PBXFileReference; lastKnownFileType = wrapper.framework; name = "Adobe AIR.framework"; path = "../../../../../Applications/Adobe Flash Builder 4.7/sdks/4.11.0/runtimes/air/mac/Adobe AIR.framework"; sourceTree = "<group>"; };
		BD526D06184CBFF500FD002E /* CoreBluetooth.framework */ = {isa = PBXFileReference; lastKnownFileType = wrapper.framework; name = CoreBluetooth.framework; path = System/Library/Frameworks/CoreBluetooth.framework; sourceTree = SDKROOT; };
		BD526D08184CBFFE00FD002E /* CoreLocation.framework */ = {isa = PBXFileReference; lastKnownFileType = wrapper.framework; name = CoreLocation.framework; path = System/Library/Frameworks/CoreLocation.framework; sourceTree = SDKROOT; };
		BD526D0A184CC02500FD002E /* UIKit.framework */ = {isa = PBXFileReference; lastKnownFileType = wrapper.framework; name = UIKit.framework; path = System/Library/Frameworks/UIKit.framework; sourceTree = SDKROOT; };
		BD526D0C184CC07D00FD002E /* BeaconController.h */ = {isa = PBXFileReference; fileEncoding = 4; lastKnownFileType = sourcecode.c.h; path = BeaconController.h; sourceTree = "<group>"; };
		BD526D0D184CC07D00FD002E /* BeaconController.m */ = {isa = PBXFileReference; fileEncoding = 4; lastKnownFileType = sourcecode.c.objc; path = BeaconController.m; sourceTree = "<group>"; };
		BD86454B184DF3FA006C3026 /* GlobalObject.h */ = {isa = PBXFileReference; fileEncoding = 4; lastKnownFileType = sourcecode.c.h; path = GlobalObject.h; sourceTree = "<group>"; };
		BD86454C184DF3FA006C3026 /* GlobalObject.m */ = {isa = PBXFileReference; fileEncoding = 4; lastKnownFileType = sourcecode.c.objc; path = GlobalObject.m; sourceTree = "<group>"; };
/* End PBXFileReference section */

/* Begin PBXFrameworksBuildPhase section */
		BD526CD8184CBEF200FD002E /* Frameworks */ = {
			isa = PBXFrameworksBuildPhase;
			buildActionMask = 2147483647;
			files = (
				BD526D0B184CC02500FD002E /* UIKit.framework in Frameworks */,
				BD526D09184CBFFE00FD002E /* CoreLocation.framework in Frameworks */,
				BD526D07184CBFF500FD002E /* CoreBluetooth.framework in Frameworks */,
				BD526D05184CBFEC00FD002E /* Adobe AIR.framework in Frameworks */,
				BD526CDF184CBEF200FD002E /* Foundation.framework in Frameworks */,
			);
			runOnlyForDeploymentPostprocessing = 0;
		};
		BD526CE8184CBEF200FD002E /* Frameworks */ = {
			isa = PBXFrameworksBuildPhase;
			buildActionMask = 2147483647;
			files = (
				BD526CED184CBEF200FD002E /* XCTest.framework in Frameworks */,
				BD526CEE184CBEF200FD002E /* Foundation.framework in Frameworks */,
				BD526CF3184CBEF200FD002E /* libiBeacon.a in Frameworks */,
			);
			runOnlyForDeploymentPostprocessing = 0;
		};
/* End PBXFrameworksBuildPhase section */

/* Begin PBXGroup section */
		BD526CD2184CBEF200FD002E = {
			isa = PBXGroup;
			children = (
				BD526CE0184CBEF200FD002E /* iBeacon */,
				BD526CF4184CBEF200FD002E /* iBeaconTests */,
				BD526CDD184CBEF200FD002E /* Frameworks */,
				BD526CDC184CBEF200FD002E /* Products */,
			);
			sourceTree = "<group>";
		};
		BD526CDC184CBEF200FD002E /* Products */ = {
			isa = PBXGroup;
			children = (
				BD526CDB184CBEF200FD002E /* libiBeacon.a */,
				BD526CEB184CBEF200FD002E /* iBeaconTests.xctest */,
			);
			name = Products;
			sourceTree = "<group>";
		};
		BD526CDD184CBEF200FD002E /* Frameworks */ = {
			isa = PBXGroup;
			children = (
				BD526D0A184CC02500FD002E /* UIKit.framework */,
				BD526D08184CBFFE00FD002E /* CoreLocation.framework */,
				BD526D06184CBFF500FD002E /* CoreBluetooth.framework */,
				BD526D04184CBFEC00FD002E /* Adobe AIR.framework */,
				BD526CDE184CBEF200FD002E /* Foundation.framework */,
				BD526CEC184CBEF200FD002E /* XCTest.framework */,
			);
			name = Frameworks;
			sourceTree = "<group>";
		};
		BD526CE0184CBEF200FD002E /* iBeacon */ = {
			isa = PBXGroup;
			children = (
				BD526CE3184CBEF200FD002E /* iBeacon.h */,
				BD526CE5184CBEF200FD002E /* iBeacon.m */,
				BD526CE1184CBEF200FD002E /* Supporting Files */,
				BD526D0C184CC07D00FD002E /* BeaconController.h */,
				BD526D0D184CC07D00FD002E /* BeaconController.m */,
				BD86454B184DF3FA006C3026 /* GlobalObject.h */,
				BD86454C184DF3FA006C3026 /* GlobalObject.m */,
			);
			path = iBeacon;
			sourceTree = "<group>";
		};
		BD526CE1184CBEF200FD002E /* Supporting Files */ = {
			isa = PBXGroup;
			children = (
				BD526CE2184CBEF200FD002E /* iBeacon-Prefix.pch */,
			);
			name = "Supporting Files";
			sourceTree = "<group>";
		};
		BD526CF4184CBEF200FD002E /* iBeaconTests */ = {
			isa = PBXGroup;
			children = (
				BD526CFA184CBEF200FD002E /* iBeaconTests.m */,
				BD526CF5184CBEF200FD002E /* Supporting Files */,
			);
			path = iBeaconTests;
			sourceTree = "<group>";
		};
		BD526CF5184CBEF200FD002E /* Supporting Files */ = {
			isa = PBXGroup;
			children = (
				BD526CF6184CBEF200FD002E /* iBeaconTests-Info.plist */,
				BD526CF7184CBEF200FD002E /* InfoPlist.strings */,
			);
			name = "Supporting Files";
			sourceTree = "<group>";
		};
/* End PBXGroup section */

/* Begin PBXNativeTarget section */
		BD526CDA184CBEF200FD002E /* iBeacon */ = {
			isa = PBXNativeTarget;
			buildConfigurationList = BD526CFE184CBEF200FD002E /* Build configuration list for PBXNativeTarget "iBeacon" */;
			buildPhases = (
				BD526CD7184CBEF200FD002E /* Sources */,
				BD526CD8184CBEF200FD002E /* Frameworks */,
				BD526CD9184CBEF200FD002E /* CopyFiles */,
			);
			buildRules = (
			);
			dependencies = (
			);
			name = iBeacon;
			productName = iBeacon;
			productReference = BD526CDB184CBEF200FD002E /* libiBeacon.a */;
			productType = "com.apple.product-type.library.static";
		};
		BD526CEA184CBEF200FD002E /* iBeaconTests */ = {
			isa = PBXNativeTarget;
			buildConfigurationList = BD526D01184CBEF200FD002E /* Build configuration list for PBXNativeTarget "iBeaconTests" */;
			buildPhases = (
				BD526CE7184CBEF200FD002E /* Sources */,
				BD526CE8184CBEF200FD002E /* Frameworks */,
				BD526CE9184CBEF200FD002E /* Resources */,
			);
			buildRules = (
			);
			dependencies = (
				BD526CF2184CBEF200FD002E /* PBXTargetDependency */,
			);
			name = iBeaconTests;
			productName = iBeaconTests;
			productReference = BD526CEB184CBEF200FD002E /* iBeaconTests.xctest */;
			productType = "com.apple.product-type.bundle.unit-test";
		};
/* End PBXNativeTarget section */

/* Begin PBXProject section */
		BD526CD3184CBEF200FD002E /* Project object */ = {
			isa = PBXProject;
			attributes = {
				LastUpgradeCheck = 0500;
				ORGANIZATIONNAME = hoehoe;
			};
			buildConfigurationList = BD526CD6184CBEF200FD002E /* Build configuration list for PBXProject "iBeacon" */;
			compatibilityVersion = "Xcode 3.2";
			developmentRegion = English;
			hasScannedForEncodings = 0;
			knownRegions = (
				en,
			);
			mainGroup = BD526CD2184CBEF200FD002E;
			productRefGroup = BD526CDC184CBEF200FD002E /* Products */;
			projectDirPath = "";
			projectRoot = "";
			targets = (
				BD526CDA184CBEF200FD002E /* iBeacon */,
				BD526CEA184CBEF200FD002E /* iBeaconTests */,
			);
		};
/* End PBXProject section */

/* Begin PBXResourcesBuildPhase section */
		BD526CE9184CBEF200FD002E /* Resources */ = {
			isa = PBXResourcesBuildPhase;
			buildActionMask = 2147483647;
			files = (
				BD526CF9184CBEF200FD002E /* InfoPlist.strings in Resources */,
			);
			runOnlyForDeploymentPostprocessing = 0;
		};
/* End PBXResourcesBuildPhase section */

/* Begin PBXSourcesBuildPhase section */
		BD526CD7184CBEF200FD002E /* Sources */ = {
			isa = PBXSourcesBuildPhase;
			buildActionMask = 2147483647;
			files = (
				BD86454D184DF3FA006C3026 /* GlobalObject.m in Sources */,
				BD526CE6184CBEF200FD002E /* iBeacon.m in Sources */,
				BD526D0E184CC07D00FD002E /* BeaconController.m in Sources */,
			);
			runOnlyForDeploymentPostprocessing = 0;
		};
		BD526CE7184CBEF200FD002E /* Sources */ = {
			isa = PBXSourcesBuildPhase;
			buildActionMask = 2147483647;
			files = (
				BD526CFB184CBEF200FD002E /* iBeaconTests.m in Sources */,
			);
			runOnlyForDeploymentPostprocessing = 0;
		};
/* End PBXSourcesBuildPhase section */

/* Begin PBXTargetDependency section */
		BD526CF2184CBEF200FD002E /* PBXTargetDependency */ = {
			isa = PBXTargetDependency;
			target = BD526CDA184CBEF200FD002E /* iBeacon */;
			targetProxy = BD526CF1184CBEF200FD002E /* PBXContainerItemProxy */;
		};
/* End PBXTargetDependency section */

/* Begin PBXVariantGroup section */
		BD526CF7184CBEF200FD002E /* InfoPlist.strings */ = {
			isa = PBXVariantGroup;
			children = (
				BD526CF8184CBEF200FD002E /* en */,
			);
			name = InfoPlist.strings;
			sourceTree = "<group>";
		};
/* End PBXVariantGroup section */

/* Begin XCBuildConfiguration section */
		BD526CFC184CBEF200FD002E /* Debug */ = {
			isa = XCBuildConfiguration;
			buildSettings = {
				ALWAYS_SEARCH_USER_PATHS = NO;
				ARCHS = "$(ARCHS_STANDARD)";
				CLANG_CXX_LANGUAGE_STANDARD = "gnu++0x";
				CLANG_CXX_LIBRARY = "libc++";
				CLANG_ENABLE_MODULES = YES;
				CLANG_ENABLE_OBJC_ARC = YES;
				CLANG_WARN_BOOL_CONVERSION = YES;
				CLANG_WARN_CONSTANT_CONVERSION = YES;
				CLANG_WARN_DIRECT_OBJC_ISA_USAGE = YES_ERROR;
				CLANG_WARN_EMPTY_BODY = YES;
				CLANG_WARN_ENUM_CONVERSION = YES;
				CLANG_WARN_INT_CONVERSION = YES;
				CLANG_WARN_OBJC_ROOT_CLASS = YES_ERROR;
				CLANG_WARN__DUPLICATE_METHOD_MATCH = YES;
				COPY_PHASE_STRIP = NO;
				GCC_C_LANGUAGE_STANDARD = gnu99;
				GCC_DYNAMIC_NO_PIC = NO;
				GCC_OPTIMIZATION_LEVEL = 0;
				GCC_PREPROCESSOR_DEFINITIONS = (
					"DEBUG=1",
					"$(inherited)",
				);
				GCC_SYMBOLS_PRIVATE_EXTERN = NO;
				GCC_WARN_64_TO_32_BIT_CONVERSION = YES;
				GCC_WARN_ABOUT_RETURN_TYPE = YES_ERROR;
				GCC_WARN_UNDECLARED_SELECTOR = YES;
				GCC_WARN_UNINITIALIZED_AUTOS = YES;
				GCC_WARN_UNUSED_FUNCTION = YES;
				GCC_WARN_UNUSED_VARIABLE = YES;
				IPHONEOS_DEPLOYMENT_TARGET = 7.0;
				ONLY_ACTIVE_ARCH = YES;
				SDKROOT = iphoneos;
			};
			name = Debug;
		};
		BD526CFD184CBEF200FD002E /* Release */ = {
			isa = XCBuildConfiguration;
			buildSettings = {
				ALWAYS_SEARCH_USER_PATHS = NO;
				ARCHS = "$(ARCHS_STANDARD)";
				CLANG_CXX_LANGUAGE_STANDARD = "gnu++0x";
				CLANG_CXX_LIBRARY = "libc++";
				CLANG_ENABLE_MODULES = YES;
				CLANG_ENABLE_OBJC_ARC = YES;
				CLANG_WARN_BOOL_CONVERSION = YES;
				CLANG_WARN_CONSTANT_CONVERSION = YES;
				CLANG_WARN_DIRECT_OBJC_ISA_USAGE = YES_ERROR;
				CLANG_WARN_EMPTY_BODY = YES;
				CLANG_WARN_ENUM_CONVERSION = YES;
				CLANG_WARN_INT_CONVERSION = YES;
				CLANG_WARN_OBJC_ROOT_CLASS = YES_ERROR;
				CLANG_WARN__DUPLICATE_METHOD_MATCH = YES;
				COPY_PHASE_STRIP = YES;
				ENABLE_NS_ASSERTIONS = NO;
				GCC_C_LANGUAGE_STANDARD = gnu99;
				GCC_WARN_64_TO_32_BIT_CONVERSION = YES;
				GCC_WARN_ABOUT_RETURN_TYPE = YES_ERROR;
				GCC_WARN_UNDECLARED_SELECTOR = YES;
				GCC_WARN_UNINITIALIZED_AUTOS = YES;
				GCC_WARN_UNUSED_FUNCTION = YES;
				GCC_WARN_UNUSED_VARIABLE = YES;
				IPHONEOS_DEPLOYMENT_TARGET = 7.0;
				SDKROOT = iphoneos;
				VALIDATE_PRODUCT = YES;
			};
			name = Release;
		};
		BD526CFF184CBEF200FD002E /* Debug */ = {
			isa = XCBuildConfiguration;
			buildSettings = {
				DSTROOT = /tmp/iBeacon.dst;
				FRAMEWORK_SEARCH_PATHS = (
					"$(inherited)",
					"$(SYSTEM_APPS_DIR)/Adobe\\ Flash\\ Builder\\ 4.7/sdks/4.11.0/runtimes/air/mac",
				);
				GCC_PRECOMPILE_PREFIX_HEADER = YES;
				GCC_PREFIX_HEADER = "iBeacon/iBeacon-Prefix.pch";
				OTHER_LDFLAGS = "-ObjC";
				PRODUCT_NAME = "$(TARGET_NAME)";
				SKIP_INSTALL = YES;
			};
			name = Debug;
		};
		BD526D00184CBEF200FD002E /* Release */ = {
			isa = XCBuildConfiguration;
			buildSettings = {
				DSTROOT = /tmp/iBeacon.dst;
				FRAMEWORK_SEARCH_PATHS = (
					"$(inherited)",
					"$(SYSTEM_APPS_DIR)/Adobe\\ Flash\\ Builder\\ 4.7/sdks/4.11.0/runtimes/air/mac",
				);
				GCC_PRECOMPILE_PREFIX_HEADER = YES;
				GCC_PREFIX_HEADER = "iBeacon/iBeacon-Prefix.pch";
				OTHER_LDFLAGS = "-ObjC";
				PRODUCT_NAME = "$(TARGET_NAME)";
				SKIP_INSTALL = YES;
			};
			name = Release;
		};
		BD526D02184CBEF200FD002E /* Debug */ = {
			isa = XCBuildConfiguration;
			buildSettings = {
				ARCHS = "$(ARCHS_STANDARD_INCLUDING_64_BIT)";
				FRAMEWORK_SEARCH_PATHS = (
					"$(SDKROOT)/Developer/Library/Frameworks",
					"$(inherited)",
					"$(DEVELOPER_FRAMEWORKS_DIR)",
				);
				GCC_PRECOMPILE_PREFIX_HEADER = YES;
				GCC_PREFIX_HEADER = "iBeacon/iBeacon-Prefix.pch";
				GCC_PREPROCESSOR_DEFINITIONS = (
					"DEBUG=1",
					"$(inherited)",
				);
				INFOPLIST_FILE = "iBeaconTests/iBeaconTests-Info.plist";
				PRODUCT_NAME = "$(TARGET_NAME)";
				WRAPPER_EXTENSION = xctest;
			};
			name = Debug;
		};
		BD526D03184CBEF200FD002E /* Release */ = {
			isa = XCBuildConfiguration;
			buildSettings = {
				ARCHS = "$(ARCHS_STANDARD_INCLUDING_64_BIT)";
				FRAMEWORK_SEARCH_PATHS = (
					"$(SDKROOT)/Developer/Library/Frameworks",
					"$(inherited)",
					"$(DEVELOPER_FRAMEWORKS_DIR)",
				);
				GCC_PRECOMPILE_PREFIX_HEADER = YES;
				GCC_PREFIX_HEADER = "iBeacon/iBeacon-Prefix.pch";
				INFOPLIST_FILE = "iBeaconTests/iBeaconTests-Info.plist";
				PRODUCT_NAME = "$(TARGET_NAME)";
				WRAPPER_EXTENSION = xctest;
			};
			name = Release;
		};
/* End XCBuildConfiguration section */

/* Begin XCConfigurationList section */
		BD526CD6184CBEF200FD002E /* Build configuration list for PBXProject "iBeacon" */ = {
			isa = XCConfigurationList;
			buildConfigurations = (
				BD526CFC184CBEF200FD002E /* Debug */,
				BD526CFD184CBEF200FD002E /* Release */,
			);
			defaultConfigurationIsVisible = 0;
			defaultConfigurationName = Release;
		};
		BD526CFE184CBEF200FD002E /* Build configuration list for PBXNativeTarget "iBeacon" */ = {
			isa = XCConfigurationList;
			buildConfigurations = (
				BD526CFF184CBEF200FD002E /* Debug */,
				BD526D00184CBEF200FD002E /* Release */,
			);
			defaultConfigurationIsVisible = 0;
			defaultConfigurationName = Release;
		};
		BD526D01184CBEF200FD002E /* Build configuration list for PBXNativeTarget "iBeaconTests" */ = {
			isa = XCConfigurationList;
			buildConfigurations = (
				BD526D02184CBEF200FD002E /* Debug */,
				BD526D03184CBEF200FD002E /* Release */,
			);
			defaultConfigurationIsVisible = 0;
			defaultConfigurationName = Release;
		};
/* End XCConfigurationList section */
	};
	rootObject = BD526CD3184CBEF200FD002E /* Project object */;
}
