// !$*UTF8*$!
{
	archiveVersion = 1;
	classes = {
	};
	objectVersion = 46;
	objects = {

/* Begin PBXBuildFile section */
		A06CDE86146A81B600703121 /* Foundation.framework in Frameworks */ = {isa = PBXBuildFile; fileRef = A06CDE85146A81B600703121 /* Foundation.framework */; };
		A06CDE8C146A81B600703121 /* HelloWorldANE2.m in Sources */ = {isa = PBXBuildFile; fileRef = A06CDE8B146A81B600703121 /* HelloWorldANE2.m */; };
		A06CDE94146A81B600703121 /* SenTestingKit.framework in Frameworks */ = {isa = PBXBuildFile; fileRef = A06CDE93146A81B600703121 /* SenTestingKit.framework */; };
		A06CDE96146A81B600703121 /* UIKit.framework in Frameworks */ = {isa = PBXBuildFile; fileRef = A06CDE95146A81B600703121 /* UIKit.framework */; };
		A06CDE97146A81B600703121 /* Foundation.framework in Frameworks */ = {isa = PBXBuildFile; fileRef = A06CDE85146A81B600703121 /* Foundation.framework */; };
		A06CDE99146A81B600703121 /* CoreGraphics.framework in Frameworks */ = {isa = PBXBuildFile; fileRef = A06CDE98146A81B600703121 /* CoreGraphics.framework */; };
		A06CDE9C146A81B600703121 /* libHelloWorldANE2.a in Frameworks */ = {isa = PBXBuildFile; fileRef = A06CDE82146A81B600703121 /* libHelloWorldANE2.a */; };
		A06CDEA2146A81B600703121 /* InfoPlist.strings in Resources */ = {isa = PBXBuildFile; fileRef = A06CDEA0146A81B600703121 /* InfoPlist.strings */; };
		A06CDEA4146A81B600703121 /* HelloWorldANE2Tests.h in Resources */ = {isa = PBXBuildFile; fileRef = A06CDEA3146A81B600703121 /* HelloWorldANE2Tests.h */; };
		A06CDEA6146A81B600703121 /* HelloWorldANE2Tests.m in Sources */ = {isa = PBXBuildFile; fileRef = A06CDEA5146A81B600703121 /* HelloWorldANE2Tests.m */; };
/* End PBXBuildFile section */

/* Begin PBXContainerItemProxy section */
		A06CDE9A146A81B600703121 /* PBXContainerItemProxy */ = {
			isa = PBXContainerItemProxy;
			containerPortal = A06CDE79146A81B500703121 /* Project object */;
			proxyType = 1;
			remoteGlobalIDString = A06CDE81146A81B600703121;
			remoteInfo = HelloWorldANE2;
		};
/* End PBXContainerItemProxy section */

/* Begin PBXFileReference section */
		A06CDE82146A81B600703121 /* libHelloWorldANE2.a */ = {isa = PBXFileReference; explicitFileType = archive.ar; includeInIndex = 0; path = libHelloWorldANE2.a; sourceTree = BUILT_PRODUCTS_DIR; };
		A06CDE85146A81B600703121 /* Foundation.framework */ = {isa = PBXFileReference; lastKnownFileType = wrapper.framework; name = Foundation.framework; path = System/Library/Frameworks/Foundation.framework; sourceTree = SDKROOT; };
		A06CDE89146A81B600703121 /* HelloWorldANE2-Prefix.pch */ = {isa = PBXFileReference; lastKnownFileType = sourcecode.c.h; path = "HelloWorldANE2-Prefix.pch"; sourceTree = "<group>"; };
		A06CDE8A146A81B600703121 /* HelloWorldANE2.h */ = {isa = PBXFileReference; lastKnownFileType = sourcecode.c.h; path = HelloWorldANE2.h; sourceTree = "<group>"; };
		A06CDE8B146A81B600703121 /* HelloWorldANE2.m */ = {isa = PBXFileReference; lastKnownFileType = sourcecode.c.objc; path = HelloWorldANE2.m; sourceTree = "<group>"; };
		A06CDE92146A81B600703121 /* HelloWorldANE2Tests.octest */ = {isa = PBXFileReference; explicitFileType = wrapper.cfbundle; includeInIndex = 0; path = HelloWorldANE2Tests.octest; sourceTree = BUILT_PRODUCTS_DIR; };
		A06CDE93146A81B600703121 /* SenTestingKit.framework */ = {isa = PBXFileReference; lastKnownFileType = wrapper.framework; name = SenTestingKit.framework; path = Library/Frameworks/SenTestingKit.framework; sourceTree = DEVELOPER_DIR; };
		A06CDE95146A81B600703121 /* UIKit.framework */ = {isa = PBXFileReference; lastKnownFileType = wrapper.framework; name = UIKit.framework; path = Library/Frameworks/UIKit.framework; sourceTree = DEVELOPER_DIR; };
		A06CDE98146A81B600703121 /* CoreGraphics.framework */ = {isa = PBXFileReference; lastKnownFileType = wrapper.framework; name = CoreGraphics.framework; path = Library/Frameworks/CoreGraphics.framework; sourceTree = DEVELOPER_DIR; };
		A06CDE9F146A81B600703121 /* HelloWorldANE2Tests-Info.plist */ = {isa = PBXFileReference; lastKnownFileType = text.plist.xml; path = "HelloWorldANE2Tests-Info.plist"; sourceTree = "<group>"; };
		A06CDEA1146A81B600703121 /* en */ = {isa = PBXFileReference; lastKnownFileType = text.plist.strings; name = en; path = en.lproj/InfoPlist.strings; sourceTree = "<group>"; };
		A06CDEA3146A81B600703121 /* HelloWorldANE2Tests.h */ = {isa = PBXFileReference; lastKnownFileType = sourcecode.c.h; path = HelloWorldANE2Tests.h; sourceTree = "<group>"; };
		A06CDEA5146A81B600703121 /* HelloWorldANE2Tests.m */ = {isa = PBXFileReference; lastKnownFileType = sourcecode.c.objc; path = HelloWorldANE2Tests.m; sourceTree = "<group>"; };
/* End PBXFileReference section */

/* Begin PBXFrameworksBuildPhase section */
		A06CDE7F146A81B600703121 /* Frameworks */ = {
			isa = PBXFrameworksBuildPhase;
			buildActionMask = 2147483647;
			files = (
				A06CDE86146A81B600703121 /* Foundation.framework in Frameworks */,
			);
			runOnlyForDeploymentPostprocessing = 0;
		};
		A06CDE8E146A81B600703121 /* Frameworks */ = {
			isa = PBXFrameworksBuildPhase;
			buildActionMask = 2147483647;
			files = (
				A06CDE94146A81B600703121 /* SenTestingKit.framework in Frameworks */,
				A06CDE96146A81B600703121 /* UIKit.framework in Frameworks */,
				A06CDE97146A81B600703121 /* Foundation.framework in Frameworks */,
				A06CDE99146A81B600703121 /* CoreGraphics.framework in Frameworks */,
				A06CDE9C146A81B600703121 /* libHelloWorldANE2.a in Frameworks */,
			);
			runOnlyForDeploymentPostprocessing = 0;
		};
/* End PBXFrameworksBuildPhase section */

/* Begin PBXGroup section */
		A06CDE77146A81B500703121 = {
			isa = PBXGroup;
			children = (
				A06CDE87146A81B600703121 /* HelloWorldANE2 */,
				A06CDE9D146A81B600703121 /* HelloWorldANE2Tests */,
				A06CDE84146A81B600703121 /* Frameworks */,
				A06CDE83146A81B600703121 /* Products */,
			);
			sourceTree = "<group>";
		};
		A06CDE83146A81B600703121 /* Products */ = {
			isa = PBXGroup;
			children = (
				A06CDE82146A81B600703121 /* libHelloWorldANE2.a */,
				A06CDE92146A81B600703121 /* HelloWorldANE2Tests.octest */,
			);
			name = Products;
			sourceTree = "<group>";
		};
		A06CDE84146A81B600703121 /* Frameworks */ = {
			isa = PBXGroup;
			children = (
				A06CDE85146A81B600703121 /* Foundation.framework */,
				A06CDE93146A81B600703121 /* SenTestingKit.framework */,
				A06CDE95146A81B600703121 /* UIKit.framework */,
				A06CDE98146A81B600703121 /* CoreGraphics.framework */,
			);
			name = Frameworks;
			sourceTree = "<group>";
		};
		A06CDE87146A81B600703121 /* HelloWorldANE2 */ = {
			isa = PBXGroup;
			children = (
				A06CDE8A146A81B600703121 /* HelloWorldANE2.h */,
				A06CDE8B146A81B600703121 /* HelloWorldANE2.m */,
				A06CDE88146A81B600703121 /* Supporting Files */,
			);
			path = HelloWorldANE2;
			sourceTree = "<group>";
		};
		A06CDE88146A81B600703121 /* Supporting Files */ = {
			isa = PBXGroup;
			children = (
				A06CDE89146A81B600703121 /* HelloWorldANE2-Prefix.pch */,
			);
			name = "Supporting Files";
			sourceTree = "<group>";
		};
		A06CDE9D146A81B600703121 /* HelloWorldANE2Tests */ = {
			isa = PBXGroup;
			children = (
				A06CDEA3146A81B600703121 /* HelloWorldANE2Tests.h */,
				A06CDEA5146A81B600703121 /* HelloWorldANE2Tests.m */,
				A06CDE9E146A81B600703121 /* Supporting Files */,
			);
			path = HelloWorldANE2Tests;
			sourceTree = "<group>";
		};
		A06CDE9E146A81B600703121 /* Supporting Files */ = {
			isa = PBXGroup;
			children = (
				A06CDE9F146A81B600703121 /* HelloWorldANE2Tests-Info.plist */,
				A06CDEA0146A81B600703121 /* InfoPlist.strings */,
			);
			name = "Supporting Files";
			sourceTree = "<group>";
		};
/* End PBXGroup section */

/* Begin PBXHeadersBuildPhase section */
		A06CDE80146A81B600703121 /* Headers */ = {
			isa = PBXHeadersBuildPhase;
			buildActionMask = 2147483647;
			files = (
			);
			runOnlyForDeploymentPostprocessing = 0;
		};
/* End PBXHeadersBuildPhase section */

/* Begin PBXNativeTarget section */
		A06CDE81146A81B600703121 /* HelloWorldANE2 */ = {
			isa = PBXNativeTarget;
			buildConfigurationList = A06CDEA9146A81B600703121 /* Build configuration list for PBXNativeTarget "HelloWorldANE2" */;
			buildPhases = (
				A06CDE7E146A81B600703121 /* Sources */,
				A06CDE7F146A81B600703121 /* Frameworks */,
				A06CDE80146A81B600703121 /* Headers */,
			);
			buildRules = (
			);
			dependencies = (
			);
			name = HelloWorldANE2;
			productName = HelloWorldANE2;
			productReference = A06CDE82146A81B600703121 /* libHelloWorldANE2.a */;
			productType = "com.apple.product-type.library.static";
		};
		A06CDE91146A81B600703121 /* HelloWorldANE2Tests */ = {
			isa = PBXNativeTarget;
			buildConfigurationList = A06CDEAC146A81B600703121 /* Build configuration list for PBXNativeTarget "HelloWorldANE2Tests" */;
			buildPhases = (
				A06CDE8D146A81B600703121 /* Sources */,
				A06CDE8E146A81B600703121 /* Frameworks */,
				A06CDE8F146A81B600703121 /* Resources */,
				A06CDE90146A81B600703121 /* ShellScript */,
			);
			buildRules = (
			);
			dependencies = (
				A06CDE9B146A81B600703121 /* PBXTargetDependency */,
			);
			name = HelloWorldANE2Tests;
			productName = HelloWorldANE2Tests;
			productReference = A06CDE92146A81B600703121 /* HelloWorldANE2Tests.octest */;
			productType = "com.apple.product-type.bundle";
		};
/* End PBXNativeTarget section */

/* Begin PBXProject section */
		A06CDE79146A81B500703121 /* Project object */ = {
			isa = PBXProject;
			buildConfigurationList = A06CDE7C146A81B500703121 /* Build configuration list for PBXProject "HelloWorldANE2" */;
			compatibilityVersion = "Xcode 3.2";
			developmentRegion = English;
			hasScannedForEncodings = 0;
			knownRegions = (
				en,
			);
			mainGroup = A06CDE77146A81B500703121;
			productRefGroup = A06CDE83146A81B600703121 /* Products */;
			projectDirPath = "";
			projectRoot = "";
			targets = (
				A06CDE81146A81B600703121 /* HelloWorldANE2 */,
				A06CDE91146A81B600703121 /* HelloWorldANE2Tests */,
			);
		};
/* End PBXProject section */

/* Begin PBXResourcesBuildPhase section */
		A06CDE8F146A81B600703121 /* Resources */ = {
			isa = PBXResourcesBuildPhase;
			buildActionMask = 2147483647;
			files = (
				A06CDEA2146A81B600703121 /* InfoPlist.strings in Resources */,
				A06CDEA4146A81B600703121 /* HelloWorldANE2Tests.h in Resources */,
			);
			runOnlyForDeploymentPostprocessing = 0;
		};
/* End PBXResourcesBuildPhase section */

/* Begin PBXShellScriptBuildPhase section */
		A06CDE90146A81B600703121 /* ShellScript */ = {
			isa = PBXShellScriptBuildPhase;
			buildActionMask = 2147483647;
			files = (
			);
			inputPaths = (
			);
			outputPaths = (
			);
			runOnlyForDeploymentPostprocessing = 0;
			shellPath = /bin/sh;
			shellScript = "# Run the unit tests in this test bundle.\n\"${SYSTEM_DEVELOPER_DIR}/Tools/RunUnitTests\"\n";
		};
/* End PBXShellScriptBuildPhase section */

/* Begin PBXSourcesBuildPhase section */
		A06CDE7E146A81B600703121 /* Sources */ = {
			isa = PBXSourcesBuildPhase;
			buildActionMask = 2147483647;
			files = (
				A06CDE8C146A81B600703121 /* HelloWorldANE2.m in Sources */,
			);
			runOnlyForDeploymentPostprocessing = 0;
		};
		A06CDE8D146A81B600703121 /* Sources */ = {
			isa = PBXSourcesBuildPhase;
			buildActionMask = 2147483647;
			files = (
				A06CDEA6146A81B600703121 /* HelloWorldANE2Tests.m in Sources */,
			);
			runOnlyForDeploymentPostprocessing = 0;
		};
/* End PBXSourcesBuildPhase section */

/* Begin PBXTargetDependency section */
		A06CDE9B146A81B600703121 /* PBXTargetDependency */ = {
			isa = PBXTargetDependency;
			target = A06CDE81146A81B600703121 /* HelloWorldANE2 */;
			targetProxy = A06CDE9A146A81B600703121 /* PBXContainerItemProxy */;
		};
/* End PBXTargetDependency section */

/* Begin PBXVariantGroup section */
		A06CDEA0146A81B600703121 /* InfoPlist.strings */ = {
			isa = PBXVariantGroup;
			children = (
				A06CDEA1146A81B600703121 /* en */,
			);
			name = InfoPlist.strings;
			sourceTree = "<group>";
		};
/* End PBXVariantGroup section */

/* Begin XCBuildConfiguration section */
		A06CDEA7146A81B600703121 /* Debug */ = {
			isa = XCBuildConfiguration;
			buildSettings = {
				ALWAYS_SEARCH_USER_PATHS = NO;
				ARCHS = "$(ARCHS_STANDARD_32_BIT)";
				COPY_PHASE_STRIP = NO;
				GCC_C_LANGUAGE_STANDARD = gnu99;
				GCC_DYNAMIC_NO_PIC = NO;
				GCC_OPTIMIZATION_LEVEL = 0;
				GCC_PREPROCESSOR_DEFINITIONS = (
					"DEBUG=1",
					"$(inherited)",
				);
				GCC_SYMBOLS_PRIVATE_EXTERN = NO;
				GCC_VERSION = com.apple.compilers.llvmgcc42;
				GCC_WARN_ABOUT_MISSING_PROTOTYPES = YES;
				GCC_WARN_ABOUT_RETURN_TYPE = YES;
				GCC_WARN_UNUSED_VARIABLE = YES;
				IPHONEOS_DEPLOYMENT_TARGET = 4.3;
				SDKROOT = iphoneos;
			};
			name = Debug;
		};
		A06CDEA8146A81B600703121 /* Release */ = {
			isa = XCBuildConfiguration;
			buildSettings = {
				ALWAYS_SEARCH_USER_PATHS = NO;
				ARCHS = "$(ARCHS_STANDARD_32_BIT)";
				COPY_PHASE_STRIP = YES;
				GCC_C_LANGUAGE_STANDARD = gnu99;
				GCC_VERSION = com.apple.compilers.llvmgcc42;
				GCC_WARN_ABOUT_MISSING_PROTOTYPES = YES;
				GCC_WARN_ABOUT_RETURN_TYPE = YES;
				GCC_WARN_UNUSED_VARIABLE = YES;
				IPHONEOS_DEPLOYMENT_TARGET = 4.3;
				SDKROOT = iphoneos;
				VALIDATE_PRODUCT = YES;
			};
			name = Release;
		};
		A06CDEAA146A81B600703121 /* Debug */ = {
			isa = XCBuildConfiguration;
			buildSettings = {
				DSTROOT = /tmp/HelloWorldANE2.dst;
				GCC_PRECOMPILE_PREFIX_HEADER = YES;
				GCC_PREFIX_HEADER = "HelloWorldANE2/HelloWorldANE2-Prefix.pch";
				OTHER_LDFLAGS = "-ObjC";
				PRODUCT_NAME = "$(TARGET_NAME)";
				SKIP_INSTALL = YES;
			};
			name = Debug;
		};
		A06CDEAB146A81B600703121 /* Release */ = {
			isa = XCBuildConfiguration;
			buildSettings = {
				DSTROOT = /tmp/HelloWorldANE2.dst;
				GCC_PRECOMPILE_PREFIX_HEADER = YES;
				GCC_PREFIX_HEADER = "HelloWorldANE2/HelloWorldANE2-Prefix.pch";
				OTHER_LDFLAGS = "-ObjC";
				PRODUCT_NAME = "$(TARGET_NAME)";
				SKIP_INSTALL = YES;
			};
			name = Release;
		};
		A06CDEAD146A81B600703121 /* Debug */ = {
			isa = XCBuildConfiguration;
			buildSettings = {
				FRAMEWORK_SEARCH_PATHS = (
					"$(SDKROOT)/Developer/Library/Frameworks",
					"$(DEVELOPER_LIBRARY_DIR)/Frameworks",
				);
				GCC_PRECOMPILE_PREFIX_HEADER = YES;
				GCC_PREFIX_HEADER = "HelloWorldANE2/HelloWorldANE2-Prefix.pch";
				INFOPLIST_FILE = "HelloWorldANE2Tests/HelloWorldANE2Tests-Info.plist";
				PRODUCT_NAME = "$(TARGET_NAME)";
				WRAPPER_EXTENSION = octest;
			};
			name = Debug;
		};
		A06CDEAE146A81B600703121 /* Release */ = {
			isa = XCBuildConfiguration;
			buildSettings = {
				FRAMEWORK_SEARCH_PATHS = (
					"$(SDKROOT)/Developer/Library/Frameworks",
					"$(DEVELOPER_LIBRARY_DIR)/Frameworks",
				);
				GCC_PRECOMPILE_PREFIX_HEADER = YES;
				GCC_PREFIX_HEADER = "HelloWorldANE2/HelloWorldANE2-Prefix.pch";
				INFOPLIST_FILE = "HelloWorldANE2Tests/HelloWorldANE2Tests-Info.plist";
				PRODUCT_NAME = "$(TARGET_NAME)";
				WRAPPER_EXTENSION = octest;
			};
			name = Release;
		};
/* End XCBuildConfiguration section */

/* Begin XCConfigurationList section */
		A06CDE7C146A81B500703121 /* Build configuration list for PBXProject "HelloWorldANE2" */ = {
			isa = XCConfigurationList;
			buildConfigurations = (
				A06CDEA7146A81B600703121 /* Debug */,
				A06CDEA8146A81B600703121 /* Release */,
			);
			defaultConfigurationIsVisible = 0;
			defaultConfigurationName = Release;
		};
		A06CDEA9146A81B600703121 /* Build configuration list for PBXNativeTarget "HelloWorldANE2" */ = {
			isa = XCConfigurationList;
			buildConfigurations = (
				A06CDEAA146A81B600703121 /* Debug */,
				A06CDEAB146A81B600703121 /* Release */,
			);
			defaultConfigurationIsVisible = 0;
		};
		A06CDEAC146A81B600703121 /* Build configuration list for PBXNativeTarget "HelloWorldANE2Tests" */ = {
			isa = XCConfigurationList;
			buildConfigurations = (
				A06CDEAD146A81B600703121 /* Debug */,
				A06CDEAE146A81B600703121 /* Release */,
			);
			defaultConfigurationIsVisible = 0;
		};
/* End XCConfigurationList section */
	};
	rootObject = A06CDE79146A81B500703121 /* Project object */;
}
