// !$*UTF8*$!
{
	archiveVersion = 1;
	classes = {
	};
	objectVersion = 46;
	objects = {

/* Begin PBXBuildFile section */
		70C6896A199E666D007BCDD0 /* Foundation.framework in Frameworks */ = {isa = PBXBuildFile; fileRef = 70C68969199E666D007BCDD0 /* Foundation.framework */; };
		70C6896F199E666D007BCDD0 /* RoltoClipboardPrintANE.h in CopyFiles */ = {isa = PBXBuildFile; fileRef = 70C6896E199E666D007BCDD0 /* RoltoClipboardPrintANE.h */; };
		70C68971199E666D007BCDD0 /* RoltoClipboardPrintANE.m in Sources */ = {isa = PBXBuildFile; fileRef = 70C68970199E666D007BCDD0 /* RoltoClipboardPrintANE.m */; };
		70C68978199E666D007BCDD0 /* XCTest.framework in Frameworks */ = {isa = PBXBuildFile; fileRef = 70C68977199E666D007BCDD0 /* XCTest.framework */; };
		70C68979199E666D007BCDD0 /* Foundation.framework in Frameworks */ = {isa = PBXBuildFile; fileRef = 70C68969199E666D007BCDD0 /* Foundation.framework */; };
		70C6897B199E666D007BCDD0 /* UIKit.framework in Frameworks */ = {isa = PBXBuildFile; fileRef = 70C6897A199E666D007BCDD0 /* UIKit.framework */; };
		70C6897E199E666D007BCDD0 /* libRoltoClipboardPrintNative.a in Frameworks */ = {isa = PBXBuildFile; fileRef = 70C68966199E666D007BCDD0 /* libRoltoClipboardPrintNative.a */; };
		70C68984199E666D007BCDD0 /* InfoPlist.strings in Resources */ = {isa = PBXBuildFile; fileRef = 70C68982199E666D007BCDD0 /* InfoPlist.strings */; };
		70C68986199E666D007BCDD0 /* RoltoClipboardPrintANETests.m in Sources */ = {isa = PBXBuildFile; fileRef = 70C68985199E666D007BCDD0 /* RoltoClipboardPrintANETests.m */; };
		70C68992199EFD65007BCDD0 /* RoltoApplication.m in Sources */ = {isa = PBXBuildFile; fileRef = 70C68991199EFD65007BCDD0 /* RoltoApplication.m */; };
/* End PBXBuildFile section */

/* Begin PBXContainerItemProxy section */
		70C6897C199E666D007BCDD0 /* PBXContainerItemProxy */ = {
			isa = PBXContainerItemProxy;
			containerPortal = 70C6895E199E666D007BCDD0 /* Project object */;
			proxyType = 1;
			remoteGlobalIDString = 70C68965199E666D007BCDD0;
			remoteInfo = RoltoClipboardPrintANE;
		};
/* End PBXContainerItemProxy section */

/* Begin PBXCopyFilesBuildPhase section */
		70C68964199E666D007BCDD0 /* CopyFiles */ = {
			isa = PBXCopyFilesBuildPhase;
			buildActionMask = 2147483647;
			dstPath = "include/$(PRODUCT_NAME)";
			dstSubfolderSpec = 16;
			files = (
				70C6896F199E666D007BCDD0 /* RoltoClipboardPrintANE.h in CopyFiles */,
			);
			runOnlyForDeploymentPostprocessing = 0;
		};
/* End PBXCopyFilesBuildPhase section */

/* Begin PBXFileReference section */
		70C68966199E666D007BCDD0 /* libRoltoClipboardPrintNative.a */ = {isa = PBXFileReference; explicitFileType = archive.ar; includeInIndex = 0; path = libRoltoClipboardPrintNative.a; sourceTree = BUILT_PRODUCTS_DIR; };
		70C68969199E666D007BCDD0 /* Foundation.framework */ = {isa = PBXFileReference; lastKnownFileType = wrapper.framework; name = Foundation.framework; path = System/Library/Frameworks/Foundation.framework; sourceTree = SDKROOT; };
		70C6896D199E666D007BCDD0 /* RoltoClipboardPrintNative-Prefix.pch */ = {isa = PBXFileReference; lastKnownFileType = sourcecode.c.h; path = "RoltoClipboardPrintNative-Prefix.pch"; sourceTree = "<group>"; };
		70C6896E199E666D007BCDD0 /* RoltoClipboardPrintANE.h */ = {isa = PBXFileReference; lastKnownFileType = sourcecode.c.h; path = RoltoClipboardPrintANE.h; sourceTree = "<group>"; };
		70C68970199E666D007BCDD0 /* RoltoClipboardPrintANE.m */ = {isa = PBXFileReference; lastKnownFileType = sourcecode.c.objc; path = RoltoClipboardPrintANE.m; sourceTree = "<group>"; };
		70C68976199E666D007BCDD0 /* RoltoClipboardPrintNativeTests.xctest */ = {isa = PBXFileReference; explicitFileType = wrapper.cfbundle; includeInIndex = 0; path = RoltoClipboardPrintNativeTests.xctest; sourceTree = BUILT_PRODUCTS_DIR; };
		70C68977199E666D007BCDD0 /* XCTest.framework */ = {isa = PBXFileReference; lastKnownFileType = wrapper.framework; name = XCTest.framework; path = Library/Frameworks/XCTest.framework; sourceTree = DEVELOPER_DIR; };
		70C6897A199E666D007BCDD0 /* UIKit.framework */ = {isa = PBXFileReference; lastKnownFileType = wrapper.framework; name = UIKit.framework; path = Library/Frameworks/UIKit.framework; sourceTree = DEVELOPER_DIR; };
		70C68981199E666D007BCDD0 /* RoltoClipboardPrintANETests-Info.plist */ = {isa = PBXFileReference; lastKnownFileType = text.plist.xml; path = "RoltoClipboardPrintANETests-Info.plist"; sourceTree = "<group>"; };
		70C68983199E666D007BCDD0 /* en */ = {isa = PBXFileReference; lastKnownFileType = text.plist.strings; name = en; path = en.lproj/InfoPlist.strings; sourceTree = "<group>"; };
		70C68985199E666D007BCDD0 /* RoltoClipboardPrintANETests.m */ = {isa = PBXFileReference; lastKnownFileType = sourcecode.c.objc; path = RoltoClipboardPrintANETests.m; sourceTree = "<group>"; };
		70C6898F199E671C007BCDD0 /* FlashRuntimeExtensions.h */ = {isa = PBXFileReference; fileEncoding = 4; lastKnownFileType = sourcecode.c.h; path = FlashRuntimeExtensions.h; sourceTree = "<group>"; };
		70C68990199EFD65007BCDD0 /* RoltoApplication.h */ = {isa = PBXFileReference; fileEncoding = 4; lastKnownFileType = sourcecode.c.h; name = RoltoApplication.h; path = ../RoltoApplication.h; sourceTree = "<group>"; };
		70C68991199EFD65007BCDD0 /* RoltoApplication.m */ = {isa = PBXFileReference; fileEncoding = 4; lastKnownFileType = sourcecode.c.objc; name = RoltoApplication.m; path = ../RoltoApplication.m; sourceTree = "<group>"; };
/* End PBXFileReference section */

/* Begin PBXFrameworksBuildPhase section */
		70C68963199E666D007BCDD0 /* Frameworks */ = {
			isa = PBXFrameworksBuildPhase;
			buildActionMask = 2147483647;
			files = (
				70C6896A199E666D007BCDD0 /* Foundation.framework in Frameworks */,
			);
			runOnlyForDeploymentPostprocessing = 0;
		};
		70C68973199E666D007BCDD0 /* Frameworks */ = {
			isa = PBXFrameworksBuildPhase;
			buildActionMask = 2147483647;
			files = (
				70C68978199E666D007BCDD0 /* XCTest.framework in Frameworks */,
				70C6897B199E666D007BCDD0 /* UIKit.framework in Frameworks */,
				70C6897E199E666D007BCDD0 /* libRoltoClipboardPrintNative.a in Frameworks */,
				70C68979199E666D007BCDD0 /* Foundation.framework in Frameworks */,
			);
			runOnlyForDeploymentPostprocessing = 0;
		};
/* End PBXFrameworksBuildPhase section */

/* Begin PBXGroup section */
		70C6895D199E666D007BCDD0 = {
			isa = PBXGroup;
			children = (
				70C6898F199E671C007BCDD0 /* FlashRuntimeExtensions.h */,
				70C6896B199E666D007BCDD0 /* RoltoClipboardPrintANE */,
				70C6897F199E666D007BCDD0 /* RoltoClipboardPrintANETests */,
				70C68968199E666D007BCDD0 /* Frameworks */,
				70C68967199E666D007BCDD0 /* Products */,
			);
			sourceTree = "<group>";
		};
		70C68967199E666D007BCDD0 /* Products */ = {
			isa = PBXGroup;
			children = (
				70C68966199E666D007BCDD0 /* libRoltoClipboardPrintNative.a */,
				70C68976199E666D007BCDD0 /* RoltoClipboardPrintNativeTests.xctest */,
			);
			name = Products;
			sourceTree = "<group>";
		};
		70C68968199E666D007BCDD0 /* Frameworks */ = {
			isa = PBXGroup;
			children = (
				70C68969199E666D007BCDD0 /* Foundation.framework */,
				70C68977199E666D007BCDD0 /* XCTest.framework */,
				70C6897A199E666D007BCDD0 /* UIKit.framework */,
			);
			name = Frameworks;
			sourceTree = "<group>";
		};
		70C6896B199E666D007BCDD0 /* RoltoClipboardPrintANE */ = {
			isa = PBXGroup;
			children = (
				70C68990199EFD65007BCDD0 /* RoltoApplication.h */,
				70C68991199EFD65007BCDD0 /* RoltoApplication.m */,
				70C6896E199E666D007BCDD0 /* RoltoClipboardPrintANE.h */,
				70C68970199E666D007BCDD0 /* RoltoClipboardPrintANE.m */,
				70C6896C199E666D007BCDD0 /* Supporting Files */,
			);
			path = RoltoClipboardPrintANE;
			sourceTree = "<group>";
		};
		70C6896C199E666D007BCDD0 /* Supporting Files */ = {
			isa = PBXGroup;
			children = (
				70C6896D199E666D007BCDD0 /* RoltoClipboardPrintNative-Prefix.pch */,
			);
			name = "Supporting Files";
			sourceTree = "<group>";
		};
		70C6897F199E666D007BCDD0 /* RoltoClipboardPrintANETests */ = {
			isa = PBXGroup;
			children = (
				70C68985199E666D007BCDD0 /* RoltoClipboardPrintANETests.m */,
				70C68980199E666D007BCDD0 /* Supporting Files */,
			);
			path = RoltoClipboardPrintANETests;
			sourceTree = "<group>";
		};
		70C68980199E666D007BCDD0 /* Supporting Files */ = {
			isa = PBXGroup;
			children = (
				70C68981199E666D007BCDD0 /* RoltoClipboardPrintANETests-Info.plist */,
				70C68982199E666D007BCDD0 /* InfoPlist.strings */,
			);
			name = "Supporting Files";
			sourceTree = "<group>";
		};
/* End PBXGroup section */

/* Begin PBXNativeTarget section */
		70C68965199E666D007BCDD0 /* RoltoClipboardPrintNative */ = {
			isa = PBXNativeTarget;
			buildConfigurationList = 70C68989199E666D007BCDD0 /* Build configuration list for PBXNativeTarget "RoltoClipboardPrintNative" */;
			buildPhases = (
				70C68962199E666D007BCDD0 /* Sources */,
				70C68963199E666D007BCDD0 /* Frameworks */,
				70C68964199E666D007BCDD0 /* CopyFiles */,
			);
			buildRules = (
			);
			dependencies = (
			);
			name = RoltoClipboardPrintNative;
			productName = RoltoClipboardPrintANE;
			productReference = 70C68966199E666D007BCDD0 /* libRoltoClipboardPrintNative.a */;
			productType = "com.apple.product-type.library.static";
		};
		70C68975199E666D007BCDD0 /* RoltoClipboardPrintNativeTests */ = {
			isa = PBXNativeTarget;
			buildConfigurationList = 70C6898C199E666D007BCDD0 /* Build configuration list for PBXNativeTarget "RoltoClipboardPrintNativeTests" */;
			buildPhases = (
				70C68972199E666D007BCDD0 /* Sources */,
				70C68973199E666D007BCDD0 /* Frameworks */,
				70C68974199E666D007BCDD0 /* Resources */,
			);
			buildRules = (
			);
			dependencies = (
				70C6897D199E666D007BCDD0 /* PBXTargetDependency */,
			);
			name = RoltoClipboardPrintNativeTests;
			productName = RoltoClipboardPrintANETests;
			productReference = 70C68976199E666D007BCDD0 /* RoltoClipboardPrintNativeTests.xctest */;
			productType = "com.apple.product-type.bundle.unit-test";
		};
/* End PBXNativeTarget section */

/* Begin PBXProject section */
		70C6895E199E666D007BCDD0 /* Project object */ = {
			isa = PBXProject;
			attributes = {
				LastUpgradeCheck = 0510;
				ORGANIZATIONNAME = "Sadao Tokuyama";
			};
			buildConfigurationList = 70C68961199E666D007BCDD0 /* Build configuration list for PBXProject "RoltoClipboardPrintNative" */;
			compatibilityVersion = "Xcode 3.2";
			developmentRegion = English;
			hasScannedForEncodings = 0;
			knownRegions = (
				en,
			);
			mainGroup = 70C6895D199E666D007BCDD0;
			productRefGroup = 70C68967199E666D007BCDD0 /* Products */;
			projectDirPath = "";
			projectRoot = "";
			targets = (
				70C68965199E666D007BCDD0 /* RoltoClipboardPrintNative */,
				70C68975199E666D007BCDD0 /* RoltoClipboardPrintNativeTests */,
			);
		};
/* End PBXProject section */

/* Begin PBXResourcesBuildPhase section */
		70C68974199E666D007BCDD0 /* Resources */ = {
			isa = PBXResourcesBuildPhase;
			buildActionMask = 2147483647;
			files = (
				70C68984199E666D007BCDD0 /* InfoPlist.strings in Resources */,
			);
			runOnlyForDeploymentPostprocessing = 0;
		};
/* End PBXResourcesBuildPhase section */

/* Begin PBXSourcesBuildPhase section */
		70C68962199E666D007BCDD0 /* Sources */ = {
			isa = PBXSourcesBuildPhase;
			buildActionMask = 2147483647;
			files = (
				70C68971199E666D007BCDD0 /* RoltoClipboardPrintANE.m in Sources */,
				70C68992199EFD65007BCDD0 /* RoltoApplication.m in Sources */,
			);
			runOnlyForDeploymentPostprocessing = 0;
		};
		70C68972199E666D007BCDD0 /* Sources */ = {
			isa = PBXSourcesBuildPhase;
			buildActionMask = 2147483647;
			files = (
				70C68986199E666D007BCDD0 /* RoltoClipboardPrintANETests.m in Sources */,
			);
			runOnlyForDeploymentPostprocessing = 0;
		};
/* End PBXSourcesBuildPhase section */

/* Begin PBXTargetDependency section */
		70C6897D199E666D007BCDD0 /* PBXTargetDependency */ = {
			isa = PBXTargetDependency;
			target = 70C68965199E666D007BCDD0 /* RoltoClipboardPrintNative */;
			targetProxy = 70C6897C199E666D007BCDD0 /* PBXContainerItemProxy */;
		};
/* End PBXTargetDependency section */

/* Begin PBXVariantGroup section */
		70C68982199E666D007BCDD0 /* InfoPlist.strings */ = {
			isa = PBXVariantGroup;
			children = (
				70C68983199E666D007BCDD0 /* en */,
			);
			name = InfoPlist.strings;
			sourceTree = "<group>";
		};
/* End PBXVariantGroup section */

/* Begin XCBuildConfiguration section */
		70C68987199E666D007BCDD0 /* Debug */ = {
			isa = XCBuildConfiguration;
			buildSettings = {
				ALWAYS_SEARCH_USER_PATHS = NO;
				CLANG_CXX_LANGUAGE_STANDARD = "gnu++0x";
				CLANG_CXX_LIBRARY = "libc++";
				CLANG_ENABLE_MODULES = YES;
				CLANG_ENABLE_OBJC_ARC = YES;
				CLANG_WARN_BOOL_CONVERSION = YES;
				CLANG_WARN_CONSTANT_CONVERSION = YES;
				CLANG_WARN_DIRECT_OBJC_ISA_USAGE = YES_ERROR;
				CLANG_WARN_EMPTY_BODY = YES;
				CLANG_WARN_ENUM_CONVERSION = YES;
				CLANG_WARN_INT_CONVERSION = YES;
				CLANG_WARN_OBJC_ROOT_CLASS = YES_ERROR;
				CLANG_WARN__DUPLICATE_METHOD_MATCH = YES;
				COPY_PHASE_STRIP = NO;
				GCC_C_LANGUAGE_STANDARD = gnu99;
				GCC_DYNAMIC_NO_PIC = NO;
				GCC_OPTIMIZATION_LEVEL = 0;
				GCC_PREPROCESSOR_DEFINITIONS = (
					"DEBUG=1",
					"$(inherited)",
				);
				GCC_SYMBOLS_PRIVATE_EXTERN = NO;
				GCC_WARN_64_TO_32_BIT_CONVERSION = YES;
				GCC_WARN_ABOUT_RETURN_TYPE = YES_ERROR;
				GCC_WARN_UNDECLARED_SELECTOR = YES;
				GCC_WARN_UNINITIALIZED_AUTOS = YES_AGGRESSIVE;
				GCC_WARN_UNUSED_FUNCTION = YES;
				GCC_WARN_UNUSED_VARIABLE = YES;
				IPHONEOS_DEPLOYMENT_TARGET = 6.0;
				ONLY_ACTIVE_ARCH = YES;
				SDKROOT = iphoneos;
			};
			name = Debug;
		};
		70C68988199E666D007BCDD0 /* Release */ = {
			isa = XCBuildConfiguration;
			buildSettings = {
				ALWAYS_SEARCH_USER_PATHS = NO;
				CLANG_CXX_LANGUAGE_STANDARD = "gnu++0x";
				CLANG_CXX_LIBRARY = "libc++";
				CLANG_ENABLE_MODULES = YES;
				CLANG_ENABLE_OBJC_ARC = YES;
				CLANG_WARN_BOOL_CONVERSION = YES;
				CLANG_WARN_CONSTANT_CONVERSION = YES;
				CLANG_WARN_DIRECT_OBJC_ISA_USAGE = YES_ERROR;
				CLANG_WARN_EMPTY_BODY = YES;
				CLANG_WARN_ENUM_CONVERSION = YES;
				CLANG_WARN_INT_CONVERSION = YES;
				CLANG_WARN_OBJC_ROOT_CLASS = YES_ERROR;
				CLANG_WARN__DUPLICATE_METHOD_MATCH = YES;
				COPY_PHASE_STRIP = YES;
				ENABLE_NS_ASSERTIONS = NO;
				GCC_C_LANGUAGE_STANDARD = gnu99;
				GCC_WARN_64_TO_32_BIT_CONVERSION = YES;
				GCC_WARN_ABOUT_RETURN_TYPE = YES_ERROR;
				GCC_WARN_UNDECLARED_SELECTOR = YES;
				GCC_WARN_UNINITIALIZED_AUTOS = YES_AGGRESSIVE;
				GCC_WARN_UNUSED_FUNCTION = YES;
				GCC_WARN_UNUSED_VARIABLE = YES;
				IPHONEOS_DEPLOYMENT_TARGET = 6.0;
				SDKROOT = iphoneos;
				VALIDATE_PRODUCT = YES;
			};
			name = Release;
		};
		70C6898A199E666D007BCDD0 /* Debug */ = {
			isa = XCBuildConfiguration;
			buildSettings = {
				DSTROOT = /tmp/RoltoClipboardPrintANE.dst;
				GCC_PRECOMPILE_PREFIX_HEADER = YES;
				GCC_PREFIX_HEADER = "RoltoClipboardPrintANE/RoltoClipboardPrintNative-Prefix.pch";
				OTHER_LDFLAGS = "-ObjC";
				PRODUCT_NAME = RoltoClipboardPrintNative;
				SKIP_INSTALL = YES;
			};
			name = Debug;
		};
		70C6898B199E666D007BCDD0 /* Release */ = {
			isa = XCBuildConfiguration;
			buildSettings = {
				DSTROOT = /tmp/RoltoClipboardPrintANE.dst;
				GCC_PRECOMPILE_PREFIX_HEADER = YES;
				GCC_PREFIX_HEADER = "RoltoClipboardPrintANE/RoltoClipboardPrintNative-Prefix.pch";
				OTHER_LDFLAGS = "-ObjC";
				PRODUCT_NAME = RoltoClipboardPrintNative;
				SKIP_INSTALL = YES;
			};
			name = Release;
		};
		70C6898D199E666D007BCDD0 /* Debug */ = {
			isa = XCBuildConfiguration;
			buildSettings = {
				FRAMEWORK_SEARCH_PATHS = (
					"$(SDKROOT)/Developer/Library/Frameworks",
					"$(inherited)",
					"$(DEVELOPER_FRAMEWORKS_DIR)",
				);
				GCC_PRECOMPILE_PREFIX_HEADER = YES;
				GCC_PREFIX_HEADER = "RoltoClipboardPrintANE/RoltoClipboardPrintANE-Prefix.pch";
				GCC_PREPROCESSOR_DEFINITIONS = (
					"DEBUG=1",
					"$(inherited)",
				);
				INFOPLIST_FILE = "RoltoClipboardPrintANETests/RoltoClipboardPrintANETests-Info.plist";
				PRODUCT_NAME = RoltoClipboardPrintNativeTests;
				WRAPPER_EXTENSION = xctest;
			};
			name = Debug;
		};
		70C6898E199E666D007BCDD0 /* Release */ = {
			isa = XCBuildConfiguration;
			buildSettings = {
				FRAMEWORK_SEARCH_PATHS = (
					"$(SDKROOT)/Developer/Library/Frameworks",
					"$(inherited)",
					"$(DEVELOPER_FRAMEWORKS_DIR)",
				);
				GCC_PRECOMPILE_PREFIX_HEADER = YES;
				GCC_PREFIX_HEADER = "RoltoClipboardPrintANE/RoltoClipboardPrintANE-Prefix.pch";
				INFOPLIST_FILE = "RoltoClipboardPrintANETests/RoltoClipboardPrintANETests-Info.plist";
				PRODUCT_NAME = RoltoClipboardPrintNativeTests;
				WRAPPER_EXTENSION = xctest;
			};
			name = Release;
		};
/* End XCBuildConfiguration section */

/* Begin XCConfigurationList section */
		70C68961199E666D007BCDD0 /* Build configuration list for PBXProject "RoltoClipboardPrintNative" */ = {
			isa = XCConfigurationList;
			buildConfigurations = (
				70C68987199E666D007BCDD0 /* Debug */,
				70C68988199E666D007BCDD0 /* Release */,
			);
			defaultConfigurationIsVisible = 0;
			defaultConfigurationName = Release;
		};
		70C68989199E666D007BCDD0 /* Build configuration list for PBXNativeTarget "RoltoClipboardPrintNative" */ = {
			isa = XCConfigurationList;
			buildConfigurations = (
				70C6898A199E666D007BCDD0 /* Debug */,
				70C6898B199E666D007BCDD0 /* Release */,
			);
			defaultConfigurationIsVisible = 0;
			defaultConfigurationName = Release;
		};
		70C6898C199E666D007BCDD0 /* Build configuration list for PBXNativeTarget "RoltoClipboardPrintNativeTests" */ = {
			isa = XCConfigurationList;
			buildConfigurations = (
				70C6898D199E666D007BCDD0 /* Debug */,
				70C6898E199E666D007BCDD0 /* Release */,
			);
			defaultConfigurationIsVisible = 0;
			defaultConfigurationName = Release;
		};
/* End XCConfigurationList section */
	};
	rootObject = 70C6895E199E666D007BCDD0 /* Project object */;
}
